// !$*UTF8*$!
{
	archiveVersion = 1;
	classes = {
	};
	objectVersion = 50;
	objects = {

/* Begin PBXBuildFile section */
		612E466E266859B7000075EB /* main.cpp in Sources */ = {isa = PBXBuildFile; fileRef = 612E466D266859B7000075EB /* main.cpp */; };
		612E4677266A09AD000075EB /* NQueens.cpp in Sources */ = {isa = PBXBuildFile; fileRef = 612E4675266A09AD000075EB /* NQueens.cpp */; };
		612E467B266ACACE000075EB /* GraphColoring.cpp in Sources */ = {isa = PBXBuildFile; fileRef = 612E4679266ACACE000075EB /* GraphColoring.cpp */; };
		612E467F266B484F000075EB /* FibonacciMemoize.cpp in Sources */ = {isa = PBXBuildFile; fileRef = 612E467D266B484F000075EB /* FibonacciMemoize.cpp */; };
		612E4684266EA1CE000075EB /* MergeSort.cpp in Sources */ = {isa = PBXBuildFile; fileRef = 612E4682266EA1CE000075EB /* MergeSort.cpp */; };
		6147C01D26BF6F7400993634 /* Vertex.cpp in Sources */ = {isa = PBXBuildFile; fileRef = 6147C01B26BF6F7400993634 /* Vertex.cpp */; };
		6147C02026BF748100993634 /* BreadthFirstSearch.cpp in Sources */ = {isa = PBXBuildFile; fileRef = 6147C01E26BF748100993634 /* BreadthFirstSearch.cpp */; };
		6147C02326BFCE1000993634 /* DepthFirstSearch.cpp in Sources */ = {isa = PBXBuildFile; fileRef = 6147C02126BFCE1000993634 /* DepthFirstSearch.cpp */; };
		6147C02A26C60A5900993634 /* Edge.cpp in Sources */ = {isa = PBXBuildFile; fileRef = 6147C02826C60A5900993634 /* Edge.cpp */; };
		6147C02D26C6134300993634 /* DVertex.cpp in Sources */ = {isa = PBXBuildFile; fileRef = 6147C02B26C6134300993634 /* DVertex.cpp */; };
		6147C03026C6193200993634 /* DijkstraAlgorithm.cpp in Sources */ = {isa = PBXBuildFile; fileRef = 6147C02E26C6193200993634 /* DijkstraAlgorithm.cpp */; };
		6147C03426C6F99F00993634 /* BVertex.cpp in Sources */ = {isa = PBXBuildFile; fileRef = 6147C03226C6F99F00993634 /* BVertex.cpp */; };
		6147C03726C6F9FE00993634 /* BEdge.cpp in Sources */ = {isa = PBXBuildFile; fileRef = 6147C03526C6F9FE00993634 /* BEdge.cpp */; };
		6147C03A26C6FF6A00993634 /* BellmanFord.cpp in Sources */ = {isa = PBXBuildFile; fileRef = 6147C03826C6FF6A00993634 /* BellmanFord.cpp */; };
		6155A1E9269D5A6300FB3574 /* Heap.cpp in Sources */ = {isa = PBXBuildFile; fileRef = 6155A1E7269D5A6300FB3574 /* Heap.cpp */; };
		61AB36C526AA9BDA00D19489 /* HashTable.cpp in Sources */ = {isa = PBXBuildFile; fileRef = 61AB36C326AA9BDA00D19489 /* HashTable.cpp */; };
/* End PBXBuildFile section */

/* Begin PBXCopyFilesBuildPhase section */
		612E4668266859B7000075EB /* CopyFiles */ = {
			isa = PBXCopyFilesBuildPhase;
			buildActionMask = 2147483647;
			dstPath = /usr/share/man/man1/;
			dstSubfolderSpec = 0;
			files = (
			);
			runOnlyForDeploymentPostprocessing = 1;
		};
/* End PBXCopyFilesBuildPhase section */

/* Begin PBXFileReference section */
		61155A8F268C6E65003D6ABE /* BinarySearchTree.h */ = {isa = PBXFileReference; lastKnownFileType = sourcecode.c.h; path = BinarySearchTree.h; sourceTree = "<group>"; };
		61155A90268C6E86003D6ABE /* Tree.h */ = {isa = PBXFileReference; lastKnownFileType = sourcecode.c.h; path = Tree.h; sourceTree = "<group>"; };
		612E466A266859B7000075EB /* CPP_Bootcamp */ = {isa = PBXFileReference; explicitFileType = "compiled.mach-o.executable"; includeInIndex = 0; path = CPP_Bootcamp; sourceTree = BUILT_PRODUCTS_DIR; };
		612E466D266859B7000075EB /* main.cpp */ = {isa = PBXFileReference; lastKnownFileType = sourcecode.cpp.cpp; path = main.cpp; sourceTree = "<group>"; };
		612E4675266A09AD000075EB /* NQueens.cpp */ = {isa = PBXFileReference; lastKnownFileType = sourcecode.cpp.cpp; path = NQueens.cpp; sourceTree = "<group>"; };
		612E4676266A09AD000075EB /* NQueens.hpp */ = {isa = PBXFileReference; lastKnownFileType = sourcecode.cpp.h; path = NQueens.hpp; sourceTree = "<group>"; };
		612E4679266ACACE000075EB /* GraphColoring.cpp */ = {isa = PBXFileReference; lastKnownFileType = sourcecode.cpp.cpp; path = GraphColoring.cpp; sourceTree = "<group>"; };
		612E467A266ACACE000075EB /* GraphColoring.hpp */ = {isa = PBXFileReference; lastKnownFileType = sourcecode.cpp.h; path = GraphColoring.hpp; sourceTree = "<group>"; };
		612E467D266B484F000075EB /* FibonacciMemoize.cpp */ = {isa = PBXFileReference; lastKnownFileType = sourcecode.cpp.cpp; path = FibonacciMemoize.cpp; sourceTree = "<group>"; };
		612E467E266B484F000075EB /* FibonacciMemoize.hpp */ = {isa = PBXFileReference; lastKnownFileType = sourcecode.cpp.h; path = FibonacciMemoize.hpp; sourceTree = "<group>"; };
		612E4682266EA1CE000075EB /* MergeSort.cpp */ = {isa = PBXFileReference; lastKnownFileType = sourcecode.cpp.cpp; path = MergeSort.cpp; sourceTree = "<group>"; };
		612E4683266EA1CE000075EB /* MergeSort.hpp */ = {isa = PBXFileReference; lastKnownFileType = sourcecode.cpp.h; path = MergeSort.hpp; sourceTree = "<group>"; };
		612E46872670A8D0000075EB /* List.h */ = {isa = PBXFileReference; lastKnownFileType = sourcecode.c.h; path = List.h; sourceTree = "<group>"; };
		612E46882670A9F4000075EB /* LinkedList.h */ = {isa = PBXFileReference; lastKnownFileType = sourcecode.c.h; path = LinkedList.h; sourceTree = "<group>"; };
		6147C01B26BF6F7400993634 /* Vertex.cpp */ = {isa = PBXFileReference; lastKnownFileType = sourcecode.cpp.cpp; path = Vertex.cpp; sourceTree = "<group>"; };
		6147C01C26BF6F7400993634 /* Vertex.hpp */ = {isa = PBXFileReference; lastKnownFileType = sourcecode.cpp.h; path = Vertex.hpp; sourceTree = "<group>"; };
		6147C01E26BF748100993634 /* BreadthFirstSearch.cpp */ = {isa = PBXFileReference; lastKnownFileType = sourcecode.cpp.cpp; path = BreadthFirstSearch.cpp; sourceTree = "<group>"; };
		6147C01F26BF748100993634 /* BreadthFirstSearch.hpp */ = {isa = PBXFileReference; lastKnownFileType = sourcecode.cpp.h; path = BreadthFirstSearch.hpp; sourceTree = "<group>"; };
		6147C02126BFCE1000993634 /* DepthFirstSearch.cpp */ = {isa = PBXFileReference; lastKnownFileType = sourcecode.cpp.cpp; path = DepthFirstSearch.cpp; sourceTree = "<group>"; };
		6147C02226BFCE1000993634 /* DepthFirstSearch.hpp */ = {isa = PBXFileReference; lastKnownFileType = sourcecode.cpp.h; path = DepthFirstSearch.hpp; sourceTree = "<group>"; };
		6147C02826C60A5900993634 /* Edge.cpp */ = {isa = PBXFileReference; lastKnownFileType = sourcecode.cpp.cpp; path = Edge.cpp; sourceTree = "<group>"; };
		6147C02926C60A5900993634 /* Edge.hpp */ = {isa = PBXFileReference; lastKnownFileType = sourcecode.cpp.h; path = Edge.hpp; sourceTree = "<group>"; };
		6147C02B26C6134300993634 /* DVertex.cpp */ = {isa = PBXFileReference; lastKnownFileType = sourcecode.cpp.cpp; path = DVertex.cpp; sourceTree = "<group>"; };
		6147C02C26C6134300993634 /* DVertex.hpp */ = {isa = PBXFileReference; lastKnownFileType = sourcecode.cpp.h; path = DVertex.hpp; sourceTree = "<group>"; };
		6147C02E26C6193200993634 /* DijkstraAlgorithm.cpp */ = {isa = PBXFileReference; lastKnownFileType = sourcecode.cpp.cpp; path = DijkstraAlgorithm.cpp; sourceTree = "<group>"; };
		6147C02F26C6193200993634 /* DijkstraAlgorithm.hpp */ = {isa = PBXFileReference; lastKnownFileType = sourcecode.cpp.h; path = DijkstraAlgorithm.hpp; sourceTree = "<group>"; };
		6147C03226C6F99F00993634 /* BVertex.cpp */ = {isa = PBXFileReference; lastKnownFileType = sourcecode.cpp.cpp; path = BVertex.cpp; sourceTree = "<group>"; };
		6147C03326C6F99F00993634 /* BVertex.hpp */ = {isa = PBXFileReference; lastKnownFileType = sourcecode.cpp.h; path = BVertex.hpp; sourceTree = "<group>"; };
		6147C03526C6F9FE00993634 /* BEdge.cpp */ = {isa = PBXFileReference; lastKnownFileType = sourcecode.cpp.cpp; path = BEdge.cpp; sourceTree = "<group>"; };
		6147C03626C6F9FE00993634 /* BEdge.hpp */ = {isa = PBXFileReference; lastKnownFileType = sourcecode.cpp.h; path = BEdge.hpp; sourceTree = "<group>"; };
		6147C03826C6FF6A00993634 /* BellmanFord.cpp */ = {isa = PBXFileReference; lastKnownFileType = sourcecode.cpp.cpp; path = BellmanFord.cpp; sourceTree = "<group>"; };
		6147C03926C6FF6A00993634 /* BellmanFord.hpp */ = {isa = PBXFileReference; lastKnownFileType = sourcecode.cpp.h; path = BellmanFord.hpp; sourceTree = "<group>"; };
		6155A1E7269D5A6300FB3574 /* Heap.cpp */ = {isa = PBXFileReference; lastKnownFileType = sourcecode.cpp.cpp; path = Heap.cpp; sourceTree = "<group>"; };
		6155A1E8269D5A6300FB3574 /* Heap.hpp */ = {isa = PBXFileReference; lastKnownFileType = sourcecode.cpp.h; path = Heap.hpp; sourceTree = "<group>"; };
		619A8F242681CBEC00C42078 /* Stack.h */ = {isa = PBXFileReference; lastKnownFileType = sourcecode.c.h; path = Stack.h; sourceTree = "<group>"; };
		619A8F262681D84F00C42078 /* StackLL.h */ = {isa = PBXFileReference; lastKnownFileType = sourcecode.c.h; path = StackLL.h; sourceTree = "<group>"; };
		619A8F282681E02500C42078 /* Queue.h */ = {isa = PBXFileReference; lastKnownFileType = sourcecode.c.h; path = Queue.h; sourceTree = "<group>"; };
		61AB36C326AA9BDA00D19489 /* HashTable.cpp */ = {isa = PBXFileReference; lastKnownFileType = sourcecode.cpp.cpp; path = HashTable.cpp; sourceTree = "<group>"; };
		61AB36C426AA9BDA00D19489 /* HashTable.hpp */ = {isa = PBXFileReference; lastKnownFileType = sourcecode.cpp.h; path = HashTable.hpp; sourceTree = "<group>"; };
/* End PBXFileReference section */

/* Begin PBXFrameworksBuildPhase section */
		612E4667266859B7000075EB /* Frameworks */ = {
			isa = PBXFrameworksBuildPhase;
			buildActionMask = 2147483647;
			files = (
			);
			runOnlyForDeploymentPostprocessing = 0;
		};
/* End PBXFrameworksBuildPhase section */

/* Begin PBXGroup section */
		61155A8E268C6E4B003D6ABE /* Trees */ = {
			isa = PBXGroup;
			children = (
				61155A8F268C6E65003D6ABE /* BinarySearchTree.h */,
				61155A90268C6E86003D6ABE /* Tree.h */,
			);
			path = Trees;
			sourceTree = "<group>";
		};
		612E4661266859B7000075EB = {
			isa = PBXGroup;
			children = (
				612E466C266859B7000075EB /* CPP_Bootcamp */,
				612E466B266859B7000075EB /* Products */,
			);
			sourceTree = "<group>";
		};
		612E466B266859B7000075EB /* Products */ = {
			isa = PBXGroup;
			children = (
				612E466A266859B7000075EB /* CPP_Bootcamp */,
			);
			name = Products;
			sourceTree = "<group>";
		};
		612E466C266859B7000075EB /* CPP_Bootcamp */ = {
			isa = PBXGroup;
			children = (
				6147C03126C6F98000993634 /* BellmanFord */,
				6147C02426C60A2D00993634 /* Dijkstra */,
				6147C01A26BF6D4F00993634 /* Graph */,
				61AB36C226AA9BB900D19489 /* HashTable */,
				61155A8E268C6E4B003D6ABE /* Trees */,
				619A8F232681CBC500C42078 /* ADT */,
				612E46862670A8B8000075EB /* LinkedList */,
				612E4681266EA1B1000075EB /* Sorting */,
				612E466D266859B7000075EB /* main.cpp */,
				612E4675266A09AD000075EB /* NQueens.cpp */,
				612E4676266A09AD000075EB /* NQueens.hpp */,
				612E4679266ACACE000075EB /* GraphColoring.cpp */,
				612E467A266ACACE000075EB /* GraphColoring.hpp */,
				612E467D266B484F000075EB /* FibonacciMemoize.cpp */,
				612E467E266B484F000075EB /* FibonacciMemoize.hpp */,
			);
			path = CPP_Bootcamp;
			sourceTree = "<group>";
		};
		612E4681266EA1B1000075EB /* Sorting */ = {
			isa = PBXGroup;
			children = (
				612E4682266EA1CE000075EB /* MergeSort.cpp */,
				612E4683266EA1CE000075EB /* MergeSort.hpp */,
			);
			path = Sorting;
			sourceTree = "<group>";
		};
		612E46862670A8B8000075EB /* LinkedList */ = {
			isa = PBXGroup;
			children = (
				612E46872670A8D0000075EB /* List.h */,
				612E46882670A9F4000075EB /* LinkedList.h */,
			);
			path = LinkedList;
			sourceTree = "<group>";
		};
		6147C01A26BF6D4F00993634 /* Graph */ = {
			isa = PBXGroup;
			children = (
				6147C01B26BF6F7400993634 /* Vertex.cpp */,
				6147C01C26BF6F7400993634 /* Vertex.hpp */,
				6147C01E26BF748100993634 /* BreadthFirstSearch.cpp */,
				6147C01F26BF748100993634 /* BreadthFirstSearch.hpp */,
				6147C02126BFCE1000993634 /* DepthFirstSearch.cpp */,
				6147C02226BFCE1000993634 /* DepthFirstSearch.hpp */,
			);
			path = Graph;
			sourceTree = "<group>";
		};
		6147C02426C60A2D00993634 /* Dijkstra */ = {
			isa = PBXGroup;
			children = (
				6147C02826C60A5900993634 /* Edge.cpp */,
				6147C02926C60A5900993634 /* Edge.hpp */,
				6147C02B26C6134300993634 /* DVertex.cpp */,
				6147C02C26C6134300993634 /* DVertex.hpp */,
				6147C02E26C6193200993634 /* DijkstraAlgorithm.cpp */,
				6147C02F26C6193200993634 /* DijkstraAlgorithm.hpp */,
			);
			path = Dijkstra;
			sourceTree = "<group>";
		};
		6147C03126C6F98000993634 /* BellmanFord */ = {
			isa = PBXGroup;
			children = (
				6147C03226C6F99F00993634 /* BVertex.cpp */,
				6147C03326C6F99F00993634 /* BVertex.hpp */,
				6147C03526C6F9FE00993634 /* BEdge.cpp */,
				6147C03626C6F9FE00993634 /* BEdge.hpp */,
				6147C03826C6FF6A00993634 /* BellmanFord.cpp */,
				6147C03926C6FF6A00993634 /* BellmanFord.hpp */,
			);
			path = BellmanFord;
			sourceTree = "<group>";
		};
		619A8F232681CBC500C42078 /* ADT */ = {
			isa = PBXGroup;
			children = (
				619A8F242681CBEC00C42078 /* Stack.h */,
				619A8F262681D84F00C42078 /* StackLL.h */,
				619A8F282681E02500C42078 /* Queue.h */,
				6155A1E7269D5A6300FB3574 /* Heap.cpp */,
				6155A1E8269D5A6300FB3574 /* Heap.hpp */,
			);
			path = ADT;
			sourceTree = "<group>";
		};
		61AB36C226AA9BB900D19489 /* HashTable */ = {
			isa = PBXGroup;
			children = (
				61AB36C326AA9BDA00D19489 /* HashTable.cpp */,
				61AB36C426AA9BDA00D19489 /* HashTable.hpp */,
			);
			path = HashTable;
			sourceTree = "<group>";
		};
/* End PBXGroup section */

/* Begin PBXNativeTarget section */
		612E4669266859B7000075EB /* CPP_Bootcamp */ = {
			isa = PBXNativeTarget;
			buildConfigurationList = 612E4671266859B7000075EB /* Build configuration list for PBXNativeTarget "CPP_Bootcamp" */;
			buildPhases = (
				612E4666266859B7000075EB /* Sources */,
				612E4667266859B7000075EB /* Frameworks */,
				612E4668266859B7000075EB /* CopyFiles */,
			);
			buildRules = (
			);
			dependencies = (
			);
			name = CPP_Bootcamp;
			productName = CPP_Bootcamp;
			productReference = 612E466A266859B7000075EB /* CPP_Bootcamp */;
			productType = "com.apple.product-type.tool";
		};
/* End PBXNativeTarget section */

/* Begin PBXProject section */
		612E4662266859B7000075EB /* Project object */ = {
			isa = PBXProject;
			attributes = {
				LastUpgradeCheck = 1230;
				TargetAttributes = {
					612E4669266859B7000075EB = {
						CreatedOnToolsVersion = 12.3;
					};
				};
			};
			buildConfigurationList = 612E4665266859B7000075EB /* Build configuration list for PBXProject "CPP_Bootcamp" */;
			compatibilityVersion = "Xcode 9.3";
			developmentRegion = en;
			hasScannedForEncodings = 0;
			knownRegions = (
				en,
				Base,
			);
			mainGroup = 612E4661266859B7000075EB;
			productRefGroup = 612E466B266859B7000075EB /* Products */;
			projectDirPath = "";
			projectRoot = "";
			targets = (
				612E4669266859B7000075EB /* CPP_Bootcamp */,
			);
		};
/* End PBXProject section */

/* Begin PBXSourcesBuildPhase section */
		612E4666266859B7000075EB /* Sources */ = {
			isa = PBXSourcesBuildPhase;
			buildActionMask = 2147483647;
			files = (
				612E466E266859B7000075EB /* main.cpp in Sources */,
				6147C01D26BF6F7400993634 /* Vertex.cpp in Sources */,
				612E467F266B484F000075EB /* FibonacciMemoize.cpp in Sources */,
				612E467B266ACACE000075EB /* GraphColoring.cpp in Sources */,
				6155A1E9269D5A6300FB3574 /* Heap.cpp in Sources */,
				612E4684266EA1CE000075EB /* MergeSort.cpp in Sources */,
				6147C03A26C6FF6A00993634 /* BellmanFord.cpp in Sources */,
				6147C03426C6F99F00993634 /* BVertex.cpp in Sources */,
				6147C02A26C60A5900993634 /* Edge.cpp in Sources */,
				6147C03726C6F9FE00993634 /* BEdge.cpp in Sources */,
				6147C03026C6193200993634 /* DijkstraAlgorithm.cpp in Sources */,
				6147C02D26C6134300993634 /* DVertex.cpp in Sources */,
				6147C02026BF748100993634 /* BreadthFirstSearch.cpp in Sources */,
				61AB36C526AA9BDA00D19489 /* HashTable.cpp in Sources */,
				6147C02326BFCE1000993634 /* DepthFirstSearch.cpp in Sources */,
				612E4677266A09AD000075EB /* NQueens.cpp in Sources */,
			);
			runOnlyForDeploymentPostprocessing = 0;
		};
/* End PBXSourcesBuildPhase section */

/* Begin XCBuildConfiguration section */
		612E466F266859B7000075EB /* Debug */ = {
			isa = XCBuildConfiguration;
			buildSettings = {
				ALWAYS_SEARCH_USER_PATHS = NO;
				CLANG_ANALYZER_NONNULL = YES;
				CLANG_ANALYZER_NUMBER_OBJECT_CONVERSION = YES_AGGRESSIVE;
				CLANG_CXX_LANGUAGE_STANDARD = "gnu++14";
				CLANG_CXX_LIBRARY = "libc++";
				CLANG_ENABLE_MODULES = YES;
				CLANG_ENABLE_OBJC_ARC = YES;
				CLANG_ENABLE_OBJC_WEAK = YES;
				CLANG_WARN_BLOCK_CAPTURE_AUTORELEASING = YES;
				CLANG_WARN_BOOL_CONVERSION = YES;
				CLANG_WARN_COMMA = YES;
				CLANG_WARN_CONSTANT_CONVERSION = YES;
				CLANG_WARN_DEPRECATED_OBJC_IMPLEMENTATIONS = YES;
				CLANG_WARN_DIRECT_OBJC_ISA_USAGE = YES_ERROR;
				CLANG_WARN_DOCUMENTATION_COMMENTS = YES;
				CLANG_WARN_EMPTY_BODY = YES;
				CLANG_WARN_ENUM_CONVERSION = YES;
				CLANG_WARN_INFINITE_RECURSION = YES;
				CLANG_WARN_INT_CONVERSION = YES;
				CLANG_WARN_NON_LITERAL_NULL_CONVERSION = YES;
				CLANG_WARN_OBJC_IMPLICIT_RETAIN_SELF = YES;
				CLANG_WARN_OBJC_LITERAL_CONVERSION = YES;
				CLANG_WARN_OBJC_ROOT_CLASS = YES_ERROR;
				CLANG_WARN_QUOTED_INCLUDE_IN_FRAMEWORK_HEADER = YES;
				CLANG_WARN_RANGE_LOOP_ANALYSIS = YES;
				CLANG_WARN_STRICT_PROTOTYPES = YES;
				CLANG_WARN_SUSPICIOUS_MOVE = YES;
				CLANG_WARN_UNGUARDED_AVAILABILITY = YES_AGGRESSIVE;
				CLANG_WARN_UNREACHABLE_CODE = YES;
				CLANG_WARN__DUPLICATE_METHOD_MATCH = YES;
				COPY_PHASE_STRIP = NO;
				DEBUG_INFORMATION_FORMAT = dwarf;
				ENABLE_STRICT_OBJC_MSGSEND = YES;
				ENABLE_TESTABILITY = YES;
				GCC_C_LANGUAGE_STANDARD = gnu11;
				GCC_DYNAMIC_NO_PIC = NO;
				GCC_NO_COMMON_BLOCKS = YES;
				GCC_OPTIMIZATION_LEVEL = 0;
				GCC_PREPROCESSOR_DEFINITIONS = (
					"DEBUG=1",
					"$(inherited)",
				);
				GCC_WARN_64_TO_32_BIT_CONVERSION = YES;
				GCC_WARN_ABOUT_RETURN_TYPE = YES_ERROR;
				GCC_WARN_UNDECLARED_SELECTOR = YES;
				GCC_WARN_UNINITIALIZED_AUTOS = YES_AGGRESSIVE;
				GCC_WARN_UNUSED_FUNCTION = YES;
				GCC_WARN_UNUSED_VARIABLE = YES;
				MACOSX_DEPLOYMENT_TARGET = 11.1;
				MTL_ENABLE_DEBUG_INFO = INCLUDE_SOURCE;
				MTL_FAST_MATH = YES;
				ONLY_ACTIVE_ARCH = YES;
				SDKROOT = macosx;
			};
			name = Debug;
		};
		612E4670266859B7000075EB /* Release */ = {
			isa = XCBuildConfiguration;
			buildSettings = {
				ALWAYS_SEARCH_USER_PATHS = NO;
				CLANG_ANALYZER_NONNULL = YES;
				CLANG_ANALYZER_NUMBER_OBJECT_CONVERSION = YES_AGGRESSIVE;
				CLANG_CXX_LANGUAGE_STANDARD = "gnu++14";
				CLANG_CXX_LIBRARY = "libc++";
				CLANG_ENABLE_MODULES = YES;
				CLANG_ENABLE_OBJC_ARC = YES;
				CLANG_ENABLE_OBJC_WEAK = YES;
				CLANG_WARN_BLOCK_CAPTURE_AUTORELEASING = YES;
				CLANG_WARN_BOOL_CONVERSION = YES;
				CLANG_WARN_COMMA = YES;
				CLANG_WARN_CONSTANT_CONVERSION = YES;
				CLANG_WARN_DEPRECATED_OBJC_IMPLEMENTATIONS = YES;
				CLANG_WARN_DIRECT_OBJC_ISA_USAGE = YES_ERROR;
				CLANG_WARN_DOCUMENTATION_COMMENTS = YES;
				CLANG_WARN_EMPTY_BODY = YES;
				CLANG_WARN_ENUM_CONVERSION = YES;
				CLANG_WARN_INFINITE_RECURSION = YES;
				CLANG_WARN_INT_CONVERSION = YES;
				CLANG_WARN_NON_LITERAL_NULL_CONVERSION = YES;
				CLANG_WARN_OBJC_IMPLICIT_RETAIN_SELF = YES;
				CLANG_WARN_OBJC_LITERAL_CONVERSION = YES;
				CLANG_WARN_OBJC_ROOT_CLASS = YES_ERROR;
				CLANG_WARN_QUOTED_INCLUDE_IN_FRAMEWORK_HEADER = YES;
				CLANG_WARN_RANGE_LOOP_ANALYSIS = YES;
				CLANG_WARN_STRICT_PROTOTYPES = YES;
				CLANG_WARN_SUSPICIOUS_MOVE = YES;
				CLANG_WARN_UNGUARDED_AVAILABILITY = YES_AGGRESSIVE;
				CLANG_WARN_UNREACHABLE_CODE = YES;
				CLANG_WARN__DUPLICATE_METHOD_MATCH = YES;
				COPY_PHASE_STRIP = NO;
				DEBUG_INFORMATION_FORMAT = "dwarf-with-dsym";
				ENABLE_NS_ASSERTIONS = NO;
				ENABLE_STRICT_OBJC_MSGSEND = YES;
				GCC_C_LANGUAGE_STANDARD = gnu11;
				GCC_NO_COMMON_BLOCKS = YES;
				GCC_WARN_64_TO_32_BIT_CONVERSION = YES;
				GCC_WARN_ABOUT_RETURN_TYPE = YES_ERROR;
				GCC_WARN_UNDECLARED_SELECTOR = YES;
				GCC_WARN_UNINITIALIZED_AUTOS = YES_AGGRESSIVE;
				GCC_WARN_UNUSED_FUNCTION = YES;
				GCC_WARN_UNUSED_VARIABLE = YES;
				MACOSX_DEPLOYMENT_TARGET = 11.1;
				MTL_ENABLE_DEBUG_INFO = NO;
				MTL_FAST_MATH = YES;
				SDKROOT = macosx;
			};
			name = Release;
		};
		612E4672266859B7000075EB /* Debug */ = {
			isa = XCBuildConfiguration;
			buildSettings = {
				CODE_SIGN_STYLE = Automatic;
				DEVELOPMENT_TEAM = 5933QDWBTM;
				ENABLE_HARDENED_RUNTIME = YES;
				PRODUCT_NAME = "$(TARGET_NAME)";
			};
			name = Debug;
		};
		612E4673266859B7000075EB /* Release */ = {
			isa = XCBuildConfiguration;
			buildSettings = {
				CODE_SIGN_STYLE = Automatic;
				DEVELOPMENT_TEAM = 5933QDWBTM;
				ENABLE_HARDENED_RUNTIME = YES;
				PRODUCT_NAME = "$(TARGET_NAME)";
			};
			name = Release;
		};
/* End XCBuildConfiguration section */

/* Begin XCConfigurationList section */
		612E4665266859B7000075EB /* Build configuration list for PBXProject "CPP_Bootcamp" */ = {
			isa = XCConfigurationList;
			buildConfigurations = (
				612E466F266859B7000075EB /* Debug */,
				612E4670266859B7000075EB /* Release */,
			);
			defaultConfigurationIsVisible = 0;
			defaultConfigurationName = Release;
		};
		612E4671266859B7000075EB /* Build configuration list for PBXNativeTarget "CPP_Bootcamp" */ = {
			isa = XCConfigurationList;
			buildConfigurations = (
				612E4672266859B7000075EB /* Debug */,
				612E4673266859B7000075EB /* Release */,
			);
			defaultConfigurationIsVisible = 0;
			defaultConfigurationName = Release;
		};
/* End XCConfigurationList section */
	};
	rootObject = 612E4662266859B7000075EB /* Project object */;
}
